
Microsoft Visual Studio Solution File, Format Version 12.00
# Visual Studio 15
VisualStudioVersion = 15.0.28010.2041
MinimumVisualStudioVersion = 10.0.40219.1
Project("{8BC9CEB8-8B4A-11D0-8D11-00A0C91BC942}") = "SandBox", "SandBox\SandBox.vcxproj", "{D8742002-6D67-4AE8-9133-9DBB6CCCC9F4}"
EndProject
Project("{8BC9CEB8-8B4A-11D0-8D11-00A0C91BC942}") = "Stealth", "StealthEngine\StealthEngine.vcxproj", "{744915DF-8EBF-4111-8093-8DFA6EA8A7D6}"
EndProject
Global
	GlobalSection(SolutionConfigurationPlatforms) = preSolution
		Debug|x64 = Debug|x64
		Release|x64 = Release|x64
	EndGlobalSection
	GlobalSection(ProjectConfigurationPlatforms) = postSolution
		{744915DF-8EBF-4111-8093-8DFA6EA8A7D6}.Debug|x64.ActiveCfg = Debug|x64
		{744915DF-8EBF-4111-8093-8DFA6EA8A7D6}.Debug|x64.Build.0 = Debug|x64
		{744915DF-8EBF-4111-8093-8DFA6EA8A7D6}.Release|x64.ActiveCfg = Release|x64
		{744915DF-8EBF-4111-8093-8DFA6EA8A7D6}.Release|x64.Build.0 = Release|x64
		{D8742002-6D67-4AE8-9133-9DBB6CCCC9F4}.Debug|x64.ActiveCfg = Debug|x64
		{D8742002-6D67-4AE8-9133-9DBB6CCCC9F4}.Debug|x64.Build.0 = Debug|x64
		{D8742002-6D67-4AE8-9133-9DBB6CCCC9F4}.Release|x64.ActiveCfg = Release|x64
		{D8742002-6D67-4AE8-9133-9DBB6CCCC9F4}.Release|x64.Build.0 = Release|x64
	EndGlobalSection
	GlobalSection(SolutionProperties) = preSolution
		HideSolutionNode = FALSE
	EndGlobalSection
	GlobalSection(ExtensibilityGlobals) = postSolution
		SolutionGuid = {5276EA31-2040-42F2-A1F2-A3872196F0DB}
	EndGlobalSection
EndGlobal
